{
  "name": "toonvb",
  "lockfileVersion": 3,
  "requires": true,
  "packages": {
    "": {
      "dependencies": {
        "pnpm": "^11.10.0"
      }
    },
    "node_modules/pnpm": {
      "version": "11.10.0",
      "resolved": "https://registry.npmjs.org/pnpm/-/pnpm-11.10.0.tgz",
      "integrity": "sha512-C3+LmAYAMZBMAX46QesYehbUDuuCm5XE+MsDaBdh/Eq1PdIZEVubRH9NzhoFohR2RGHn03AzkqnzL5URzoyGyA==",
      "license": "MIT",
      "bin": {
        "pn": "bin/pnpm.mjs",
        "pnpm": "bin/pnpm.mjs",
        "pnpx": "bin/pnpx.mjs",
        "pnx": "bin/pnpx.mjs"
      },
      "engines": {
        "node": ">=22.13"
      },
      "funding": {
        "url": "https://opencollective.com/pnpm"
      }
    }
  }
}
